
Microsoft Visual Studio Solution File, Format Version 12.00
# Visual Studio Version 17
VisualStudioVersion = 17.3.32901.215
MinimumVisualStudioVersion = 10.0.40219.1
Project("{8BC9CEB8-8B4A-11D0-8D11-00A0C91BC942}") = "App_Cpp", "App_Cpp.vcxproj", "{D35C9A70-818E-4086-AC7B-D1CAAF1767D1}"
EndProject
Global
	GlobalSection(SolutionConfigurationPlatforms) = preSolution
		Debug|x64 = Debug|x64
		Debug|x86 = Debug|x86
		Release|x64 = Release|x64
		Release|x86 = Release|x86
	EndGlobalSection
	GlobalSection(ProjectConfigurationPlatforms) = postSolution
		{D35C9A70-818E-4086-AC7B-D1CAAF1767D1}.Debug|x64.ActiveCfg = Debug|x64
		{D35C9A70-818E-4086-AC7B-D1CAAF1767D1}.Debug|x64.Build.0 = Debug|x64
		{D35C9A70-818E-4086-AC7B-D1CAAF1767D1}.Debug|x86.ActiveCfg = Debug|Win32
		{D35C9A70-818E-4086-AC7B-D1CAAF1767D1}.Debug|x86.Build.0 = Debug|Win32
		{D35C9A70-818E-4086-AC7B-D1CAAF1767D1}.Release|x64.ActiveCfg = Release|x64
		{D35C9A70-818E-4086-AC7B-D1CAAF1767D1}.Release|x64.Build.0 = Release|x64
		{D35C9A70-818E-4086-AC7B-D1CAAF1767D1}.Release|x86.ActiveCfg = Release|Win32
		{D35C9A70-818E-4086-AC7B-D1CAAF1767D1}.Release|x86.Build.0 = Release|Win32
	EndGlobalSection
	GlobalSection(SolutionProperties) = preSolution
		HideSolutionNode = FALSE
	EndGlobalSection
	GlobalSection(ExtensibilityGlobals) = postSolution
		SolutionGuid = {D9F80DC0-BEF6-4CE5-9A6B-76B90F65FD21}
	EndGlobalSection
EndGlobal
